
Microsoft Visual Studio Solution File, Format Version 12.00
# Visual Studio 14
VisualStudioVersion = 14.0.24720.0
MinimumVisualStudioVersion = 10.0.40219.1
Project("{FAE04EC0-301F-11D3-BF4B-00C04F79EFBC}") = "Mover", "Mover\Mover.csproj", "{55D89A09-7C91-4EFC-8DB0-0C1BE2E2460B}"
EndProject
Global
	GlobalSection(SolutionConfigurationPlatforms) = preSolution
		Debug|Any CPU = Debug|Any CPU
		Release|Any CPU = Release|Any CPU
	EndGlobalSection
	GlobalSection(ProjectConfigurationPlatforms) = postSolution
		{55D89A09-7C91-4EFC-8DB0-0C1BE2E2460B}.Debug|Any CPU.ActiveCfg = Debug|Any CPU
		{55D89A09-7C91-4EFC-8DB0-0C1BE2E2460B}.Debug|Any CPU.Build.0 = Debug|Any CPU
		{55D89A09-7C91-4EFC-8DB0-0C1BE2E2460B}.Release|Any CPU.ActiveCfg = Release|Any CPU
		{55D89A09-7C91-4EFC-8DB0-0C1BE2E2460B}.Release|Any CPU.Build.0 = Release|Any CPU
	EndGlobalSection
	GlobalSection(SolutionProperties) = preSolution
		HideSolutionNode = FALSE
	EndGlobalSection
EndGlobal
